
Microsoft Visual Studio Solution File, Format Version 12.00
# Visual Studio Version 17
VisualStudioVersion = 17.9.34728.123
MinimumVisualStudioVersion = 10.0.40219.1
Project("{8BC9CEB8-8B4A-11D0-8D11-00A0C91BC942}") = "TR1_AudioController", "TR1_AudioController.vcxproj", "{5C680FA5-E746-4AAC-A578-0ECC5CAB7808}"
EndProject
Global
	GlobalSection(SolutionConfigurationPlatforms) = preSolution
		Debug|x64 = Debug|x64
		Release|x64 = Release|x64
	EndGlobalSection
	GlobalSection(ProjectConfigurationPlatforms) = postSolution
		{5C680FA5-E746-4AAC-A578-0ECC5CAB7808}.Debug|x64.ActiveCfg = Debug|x64
		{5C680FA5-E746-4AAC-A578-0ECC5CAB7808}.Debug|x64.Build.0 = Debug|x64
		{5C680FA5-E746-4AAC-A578-0ECC5CAB7808}.Release|x64.ActiveCfg = Release|x64
		{5C680FA5-E746-4AAC-A578-0ECC5CAB7808}.Release|x64.Build.0 = Release|x64
	EndGlobalSection
	GlobalSection(SolutionProperties) = preSolution
		HideSolutionNode = FALSE
	EndGlobalSection
	GlobalSection(ExtensibilityGlobals) = postSolution
		SolutionGuid = {AAD539D5-A7A4-455C-BD1F-E0CF9D689EBC}
	EndGlobalSection
EndGlobal
